
Microsoft Visual Studio Solution File, Format Version 12.00
# Visual Studio Version 17
VisualStudioVersion = 17.0.32112.339
MinimumVisualStudioVersion = 10.0.40219.1
Project("{FAE04EC0-301F-11D3-BF4B-00C04F79EFBC}") = "PreyPredatorSimulation", "PreyPredatorSimulation\PreyPredatorSimulation.csproj", "{6A539485-5B11-4A62-B30C-FA9F2B443B46}"
EndProject
Project("{FAE04EC0-301F-11D3-BF4B-00C04F79EFBC}") = "SimulationLib", "SimulationLib\SimulationLib.csproj", "{0F4E93B5-BD47-451E-8EC6-562660EA344E}"
EndProject
Project("{FAE04EC0-301F-11D3-BF4B-00C04F79EFBC}") = "PreyPredatorWinForms", "PreyPredatorWinForms\PreyPredatorWinForms.csproj", "{6E9E740F-CED4-4E3E-879E-64C87C67C8EA}"
EndProject
Global
	GlobalSection(SolutionConfigurationPlatforms) = preSolution
		Debug|Any CPU = Debug|Any CPU
		Release|Any CPU = Release|Any CPU
	EndGlobalSection
	GlobalSection(ProjectConfigurationPlatforms) = postSolution
		{6A539485-5B11-4A62-B30C-FA9F2B443B46}.Debug|Any CPU.ActiveCfg = Debug|Any CPU
		{6A539485-5B11-4A62-B30C-FA9F2B443B46}.Debug|Any CPU.Build.0 = Debug|Any CPU
		{6A539485-5B11-4A62-B30C-FA9F2B443B46}.Release|Any CPU.ActiveCfg = Release|Any CPU
		{6A539485-5B11-4A62-B30C-FA9F2B443B46}.Release|Any CPU.Build.0 = Release|Any CPU
		{0F4E93B5-BD47-451E-8EC6-562660EA344E}.Debug|Any CPU.ActiveCfg = Debug|Any CPU
		{0F4E93B5-BD47-451E-8EC6-562660EA344E}.Debug|Any CPU.Build.0 = Debug|Any CPU
		{0F4E93B5-BD47-451E-8EC6-562660EA344E}.Release|Any CPU.ActiveCfg = Release|Any CPU
		{0F4E93B5-BD47-451E-8EC6-562660EA344E}.Release|Any CPU.Build.0 = Release|Any CPU
		{6E9E740F-CED4-4E3E-879E-64C87C67C8EA}.Debug|Any CPU.ActiveCfg = Debug|Any CPU
		{6E9E740F-CED4-4E3E-879E-64C87C67C8EA}.Debug|Any CPU.Build.0 = Debug|Any CPU
		{6E9E740F-CED4-4E3E-879E-64C87C67C8EA}.Release|Any CPU.ActiveCfg = Release|Any CPU
		{6E9E740F-CED4-4E3E-879E-64C87C67C8EA}.Release|Any CPU.Build.0 = Release|Any CPU
	EndGlobalSection
	GlobalSection(SolutionProperties) = preSolution
		HideSolutionNode = FALSE
	EndGlobalSection
	GlobalSection(ExtensibilityGlobals) = postSolution
		SolutionGuid = {738F81CA-1624-4D00-A0A5-11642AB859FE}
	EndGlobalSection
EndGlobal
